
Microsoft Visual Studio Solution File, Format Version 12.00
# Visual Studio 15
VisualStudioVersion = 15.0.28307.539
MinimumVisualStudioVersion = 10.0.40219.1
Project("{FAE04EC0-301F-11D3-BF4B-00C04F79EFBC}") = "StationeryStore", "StationeryStore\StationeryStore.csproj", "{C930CFDE-5287-4680-9560-0E3DB6272493}"
EndProject
Global
	GlobalSection(SolutionConfigurationPlatforms) = preSolution
		Debug|Any CPU = Debug|Any CPU
		Release|Any CPU = Release|Any CPU
	EndGlobalSection
	GlobalSection(ProjectConfigurationPlatforms) = postSolution
		{C930CFDE-5287-4680-9560-0E3DB6272493}.Debug|Any CPU.ActiveCfg = Debug|Any CPU
		{C930CFDE-5287-4680-9560-0E3DB6272493}.Debug|Any CPU.Build.0 = Debug|Any CPU
		{C930CFDE-5287-4680-9560-0E3DB6272493}.Release|Any CPU.ActiveCfg = Release|Any CPU
		{C930CFDE-5287-4680-9560-0E3DB6272493}.Release|Any CPU.Build.0 = Release|Any CPU
	EndGlobalSection
	GlobalSection(SolutionProperties) = preSolution
		HideSolutionNode = FALSE
	EndGlobalSection
	GlobalSection(ExtensibilityGlobals) = postSolution
		SolutionGuid = {02846EAA-6C76-4149-AC2B-A0E652019C5E}
	EndGlobalSection
EndGlobal
